
Microsoft Visual Studio Solution File, Format Version 12.00
# Visual Studio Version 17
VisualStudioVersion = 17.5.002.0
MinimumVisualStudioVersion = 10.0.40219.1
Project("{9A19103F-16F7-4668-BE54-9A1E7A4F7556}") = "DeutschCode", "DeutschCode.csproj", "{570817A5-7530-43A8-89C8-F4CE1755C515}"
EndProject
Global
	GlobalSection(SolutionConfigurationPlatforms) = preSolution
		Debug|Any CPU = Debug|Any CPU
		Release|Any CPU = Release|Any CPU
	EndGlobalSection
	GlobalSection(ProjectConfigurationPlatforms) = postSolution
		{570817A5-7530-43A8-89C8-F4CE1755C515}.Debug|Any CPU.ActiveCfg = Debug|Any CPU
		{570817A5-7530-43A8-89C8-F4CE1755C515}.Debug|Any CPU.Build.0 = Debug|Any CPU
		{570817A5-7530-43A8-89C8-F4CE1755C515}.Release|Any CPU.ActiveCfg = Release|Any CPU
		{570817A5-7530-43A8-89C8-F4CE1755C515}.Release|Any CPU.Build.0 = Release|Any CPU
	EndGlobalSection
	GlobalSection(SolutionProperties) = preSolution
		HideSolutionNode = FALSE
	EndGlobalSection
	GlobalSection(ExtensibilityGlobals) = postSolution
		SolutionGuid = {8B4C351E-072F-46B3-B63C-FD61646C5567}
	EndGlobalSection
EndGlobal
